
Microsoft Visual Studio Solution File, Format Version 12.00
# Visual Studio Version 17
VisualStudioVersion = 17.9.34310.174
MinimumVisualStudioVersion = 10.0.40219.1
Project("{FAE04EC0-301F-11D3-BF4B-00C04F79EFBC}") = "NetMQServer", "NetMQServer\NetMQServer.csproj", "{CBCE0A75-C45B-4EFF-B6C9-4EF3A3386636}"
EndProject
Project("{FAE04EC0-301F-11D3-BF4B-00C04F79EFBC}") = "NetMQClient", "NetMQClient\NetMQClient.csproj", "{5FFBB801-11AF-461B-B092-641E9BF93F46}"
EndProject
Global
	GlobalSection(SolutionConfigurationPlatforms) = preSolution
		Debug|Any CPU = Debug|Any CPU
		Release|Any CPU = Release|Any CPU
	EndGlobalSection
	GlobalSection(ProjectConfigurationPlatforms) = postSolution
		{CBCE0A75-C45B-4EFF-B6C9-4EF3A3386636}.Debug|Any CPU.ActiveCfg = Debug|Any CPU
		{CBCE0A75-C45B-4EFF-B6C9-4EF3A3386636}.Debug|Any CPU.Build.0 = Debug|Any CPU
		{CBCE0A75-C45B-4EFF-B6C9-4EF3A3386636}.Release|Any CPU.ActiveCfg = Release|Any CPU
		{CBCE0A75-C45B-4EFF-B6C9-4EF3A3386636}.Release|Any CPU.Build.0 = Release|Any CPU
		{5FFBB801-11AF-461B-B092-641E9BF93F46}.Debug|Any CPU.ActiveCfg = Debug|Any CPU
		{5FFBB801-11AF-461B-B092-641E9BF93F46}.Debug|Any CPU.Build.0 = Debug|Any CPU
		{5FFBB801-11AF-461B-B092-641E9BF93F46}.Release|Any CPU.ActiveCfg = Release|Any CPU
		{5FFBB801-11AF-461B-B092-641E9BF93F46}.Release|Any CPU.Build.0 = Release|Any CPU
	EndGlobalSection
	GlobalSection(SolutionProperties) = preSolution
		HideSolutionNode = FALSE
	EndGlobalSection
	GlobalSection(ExtensibilityGlobals) = postSolution
		SolutionGuid = {1A21E114-25EE-42A2-827B-CCA31A2EEFBD}
	EndGlobalSection
EndGlobal
